// !$*UTF8*$!
{
	archiveVersion = 1;
	classes = {
	};
	objectVersion = 50;
	objects = {

/* Begin PBXBuildFile section */
		502FF712242A48B200560D29 /* AppDelegate.swift in Sources */ = {isa = PBXBuildFile; fileRef = 502FF711242A48B200560D29 /* AppDelegate.swift */; };
		502FF714242A48B200560D29 /* SceneDelegate.swift in Sources */ = {isa = PBXBuildFile; fileRef = 502FF713242A48B200560D29 /* SceneDelegate.swift */; };
		502FF71B242A48B300560D29 /* Assets.xcassets in Resources */ = {isa = PBXBuildFile; fileRef = 502FF71A242A48B300560D29 /* Assets.xcassets */; };
		502FF71E242A48B300560D29 /* LaunchScreen.storyboard in Resources */ = {isa = PBXBuildFile; fileRef = 502FF71C242A48B300560D29 /* LaunchScreen.storyboard */; };
		502FF74A242A4C5500560D29 /* MainViewController.swift in Sources */ = {isa = PBXBuildFile; fileRef = 502FF749242A4C5500560D29 /* MainViewController.swift */; };
		50E20816242B9BCA00354B8F /* GameScene.swift in Sources */ = {isa = PBXBuildFile; fileRef = 50E20815242B9BCA00354B8F /* GameScene.swift */; };
		50E2081A242C5D9200354B8F /* TilesModel.swift in Sources */ = {isa = PBXBuildFile; fileRef = 50E20819242C5D9200354B8F /* TilesModel.swift */; };
/* End PBXBuildFile section */

/* Begin PBXFileReference section */
		502FF70E242A48B200560D29 /* testGame.app */ = {isa = PBXFileReference; explicitFileType = wrapper.application; includeInIndex = 0; path = testGame.app; sourceTree = BUILT_PRODUCTS_DIR; };
		502FF711242A48B200560D29 /* AppDelegate.swift */ = {isa = PBXFileReference; lastKnownFileType = sourcecode.swift; path = AppDelegate.swift; sourceTree = "<group>"; };
		502FF713242A48B200560D29 /* SceneDelegate.swift */ = {isa = PBXFileReference; lastKnownFileType = sourcecode.swift; path = SceneDelegate.swift; sourceTree = "<group>"; };
		502FF71A242A48B300560D29 /* Assets.xcassets */ = {isa = PBXFileReference; lastKnownFileType = folder.assetcatalog; path = Assets.xcassets; sourceTree = "<group>"; };
		502FF71D242A48B300560D29 /* Base */ = {isa = PBXFileReference; lastKnownFileType = file.storyboard; name = Base; path = Base.lproj/LaunchScreen.storyboard; sourceTree = "<group>"; };
		502FF71F242A48B300560D29 /* Info.plist */ = {isa = PBXFileReference; lastKnownFileType = text.plist.xml; path = Info.plist; sourceTree = "<group>"; };
		502FF749242A4C5500560D29 /* MainViewController.swift */ = {isa = PBXFileReference; lastKnownFileType = sourcecode.swift; path = MainViewController.swift; sourceTree = "<group>"; };
		50E20815242B9BCA00354B8F /* GameScene.swift */ = {isa = PBXFileReference; lastKnownFileType = sourcecode.swift; path = GameScene.swift; sourceTree = "<group>"; };
		50E20819242C5D9200354B8F /* TilesModel.swift */ = {isa = PBXFileReference; lastKnownFileType = sourcecode.swift; path = TilesModel.swift; sourceTree = "<group>"; };
/* End PBXFileReference section */

/* Begin PBXFrameworksBuildPhase section */
		502FF70B242A48B200560D29 /* Frameworks */ = {
			isa = PBXFrameworksBuildPhase;
			buildActionMask = 2147483647;
			files = (
			);
			runOnlyForDeploymentPostprocessing = 0;
		};
/* End PBXFrameworksBuildPhase section */

/* Begin PBXGroup section */
		502FF705242A48B200560D29 = {
			isa = PBXGroup;
			children = (
				502FF710242A48B200560D29 /* testGame */,
				502FF70F242A48B200560D29 /* Products */,
			);
			sourceTree = "<group>";
		};
		502FF70F242A48B200560D29 /* Products */ = {
			isa = PBXGroup;
			children = (
				502FF70E242A48B200560D29 /* testGame.app */,
			);
			name = Products;
			sourceTree = "<group>";
		};
		502FF710242A48B200560D29 /* testGame */ = {
			isa = PBXGroup;
			children = (
				502FF711242A48B200560D29 /* AppDelegate.swift */,
				502FF713242A48B200560D29 /* SceneDelegate.swift */,
				502FF749242A4C5500560D29 /* MainViewController.swift */,
				50E20815242B9BCA00354B8F /* GameScene.swift */,
				50E20819242C5D9200354B8F /* TilesModel.swift */,
				502FF71A242A48B300560D29 /* Assets.xcassets */,
				502FF71C242A48B300560D29 /* LaunchScreen.storyboard */,
				502FF71F242A48B300560D29 /* Info.plist */,
			);
			path = testGame;
			sourceTree = "<group>";
		};
/* End PBXGroup section */

/* Begin PBXNativeTarget section */
		502FF70D242A48B200560D29 /* testGame */ = {
			isa = PBXNativeTarget;
			buildConfigurationList = 502FF722242A48B300560D29 /* Build configuration list for PBXNativeTarget "testGame" */;
			buildPhases = (
				502FF70A242A48B200560D29 /* Sources */,
				502FF70B242A48B200560D29 /* Frameworks */,
				502FF70C242A48B200560D29 /* Resources */,
			);
			buildRules = (
			);
			dependencies = (
			);
			name = testGame;
			productName = testGame;
			productReference = 502FF70E242A48B200560D29 /* testGame.app */;
			productType = "com.apple.product-type.application";
		};
/* End PBXNativeTarget section */

/* Begin PBXProject section */
		502FF706242A48B200560D29 /* Project object */ = {
			isa = PBXProject;
			attributes = {
				LastSwiftUpdateCheck = 1130;
				LastUpgradeCheck = 1130;
				ORGANIZATIONNAME = "Maksim Grebennikov";
				TargetAttributes = {
					502FF70D242A48B200560D29 = {
						CreatedOnToolsVersion = 11.3.1;
					};
				};
			};
			buildConfigurationList = 502FF709242A48B200560D29 /* Build configuration list for PBXProject "testGame" */;
			compatibilityVersion = "Xcode 9.3";
			developmentRegion = en;
			hasScannedForEncodings = 0;
			knownRegions = (
				en,
				Base,
			);
			mainGroup = 502FF705242A48B200560D29;
			productRefGroup = 502FF70F242A48B200560D29 /* Products */;
			projectDirPath = "";
			projectRoot = "";
			targets = (
				502FF70D242A48B200560D29 /* testGame */,
			);
		};
/* End PBXProject section */

/* Begin PBXResourcesBuildPhase section */
		502FF70C242A48B200560D29 /* Resources */ = {
			isa = PBXResourcesBuildPhase;
			buildActionMask = 2147483647;
			files = (
				502FF71E242A48B300560D29 /* LaunchScreen.storyboard in Resources */,
				502FF71B242A48B300560D29 /* Assets.xcassets in Resources */,
			);
			runOnlyForDeploymentPostprocessing = 0;
		};
/* End PBXResourcesBuildPhase section */

/* Begin PBXSourcesBuildPhase section */
		502FF70A242A48B200560D29 /* Sources */ = {
			isa = PBXSourcesBuildPhase;
			buildActionMask = 2147483647;
			files = (
				502FF712242A48B200560D29 /* AppDelegate.swift in Sources */,
				502FF714242A48B200560D29 /* SceneDelegate.swift in Sources */,
				50E20816242B9BCA00354B8F /* GameScene.swift in Sources */,
				502FF74A242A4C5500560D29 /* MainViewController.swift in Sources */,
				50E2081A242C5D9200354B8F /* TilesModel.swift in Sources */,
			);
			runOnlyForDeploymentPostprocessing = 0;
		};
/* End PBXSourcesBuildPhase section */

/* Begin PBXVariantGroup section */
		502FF71C242A48B300560D29 /* LaunchScreen.storyboard */ = {
			isa = PBXVariantGroup;
			children = (
				502FF71D242A48B300560D29 /* Base */,
			);
			name = LaunchScreen.storyboard;
			sourceTree = "<group>";
		};
/* End PBXVariantGroup section */

/* Begin XCBuildConfiguration section */
		502FF720242A48B300560D29 /* Debug */ = {
			isa = XCBuildConfiguration;
			buildSettings = {
				ALWAYS_SEARCH_USER_PATHS = NO;
				CLANG_ANALYZER_NONNULL = YES;
				CLANG_ANALYZER_NUMBER_OBJECT_CONVERSION = YES_AGGRESSIVE;
				CLANG_CXX_LANGUAGE_STANDARD = "gnu++14";
				CLANG_CXX_LIBRARY = "libc++";
				CLANG_ENABLE_MODULES = YES;
				CLANG_ENABLE_OBJC_ARC = YES;
				CLANG_ENABLE_OBJC_WEAK = YES;
				CLANG_WARN_BLOCK_CAPTURE_AUTORELEASING = YES;
				CLANG_WARN_BOOL_CONVERSION = YES;
				CLANG_WARN_COMMA = YES;
				CLANG_WARN_CONSTANT_CONVERSION = YES;
				CLANG_WARN_DEPRECATED_OBJC_IMPLEMENTATIONS = YES;
				CLANG_WARN_DIRECT_OBJC_ISA_USAGE = YES_ERROR;
				CLANG_WARN_DOCUMENTATION_COMMENTS = YES;
				CLANG_WARN_EMPTY_BODY = YES;
				CLANG_WARN_ENUM_CONVERSION = YES;
				CLANG_WARN_INFINITE_RECURSION = YES;
				CLANG_WARN_INT_CONVERSION = YES;
				CLANG_WARN_NON_LITERAL_NULL_CONVERSION = YES;
				CLANG_WARN_OBJC_IMPLICIT_RETAIN_SELF = YES;
				CLANG_WARN_OBJC_LITERAL_CONVERSION = YES;
				CLANG_WARN_OBJC_ROOT_CLASS = YES_ERROR;
				CLANG_WARN_RANGE_LOOP_ANALYSIS = YES;
				CLANG_WARN_STRICT_PROTOTYPES = YES;
				CLANG_WARN_SUSPICIOUS_MOVE = YES;
				CLANG_WARN_UNGUARDED_AVAILABILITY = YES_AGGRESSIVE;
				CLANG_WARN_UNREACHABLE_CODE = YES;
				CLANG_WARN__DUPLICATE_METHOD_MATCH = YES;
				COPY_PHASE_STRIP = NO;
				DEBUG_INFORMATION_FORMAT = dwarf;
				ENABLE_STRICT_OBJC_MSGSEND = YES;
				ENABLE_TESTABILITY = YES;
				GCC_C_LANGUAGE_STANDARD = gnu11;
				GCC_DYNAMIC_NO_PIC = NO;
				GCC_NO_COMMON_BLOCKS = YES;
				GCC_OPTIMIZATION_LEVEL = 0;
				GCC_PREPROCESSOR_DEFINITIONS = (
					"DEBUG=1",
					"$(inherited)",
				);
				GCC_WARN_64_TO_32_BIT_CONVERSION = YES;
				GCC_WARN_ABOUT_RETURN_TYPE = YES_ERROR;
				GCC_WARN_UNDECLARED_SELECTOR = YES;
				GCC_WARN_UNINITIALIZED_AUTOS = YES_AGGRESSIVE;
				GCC_WARN_UNUSED_FUNCTION = YES;
				GCC_WARN_UNUSED_VARIABLE = YES;
				IPHONEOS_DEPLOYMENT_TARGET = 13.4;
				MTL_ENABLE_DEBUG_INFO = INCLUDE_SOURCE;
				MTL_FAST_MATH = YES;
				ONLY_ACTIVE_ARCH = YES;
				SDKROOT = iphoneos;
				SWIFT_ACTIVE_COMPILATION_CONDITIONS = DEBUG;
				SWIFT_OPTIMIZATION_LEVEL = "-Onone";
			};
			name = Debug;
		};
		502FF721242A48B300560D29 /* Release */ = {
			isa = XCBuildConfiguration;
			buildSettings = {
				ALWAYS_SEARCH_USER_PATHS = NO;
				CLANG_ANALYZER_NONNULL = YES;
				CLANG_ANALYZER_NUMBER_OBJECT_CONVERSION = YES_AGGRESSIVE;
				CLANG_CXX_LANGUAGE_STANDARD = "gnu++14";
				CLANG_CXX_LIBRARY = "libc++";
				CLANG_ENABLE_MODULES = YES;
				CLANG_ENABLE_OBJC_ARC = YES;
				CLANG_ENABLE_OBJC_WEAK = YES;
				CLANG_WARN_BLOCK_CAPTURE_AUTORELEASING = YES;
				CLANG_WARN_BOOL_CONVERSION = YES;
				CLANG_WARN_COMMA = YES;
				CLANG_WARN_CONSTANT_CONVERSION = YES;
				CLANG_WARN_DEPRECATED_OBJC_IMPLEMENTATIONS = YES;
				CLANG_WARN_DIRECT_OBJC_ISA_USAGE = YES_ERROR;
				CLANG_WARN_DOCUMENTATION_COMMENTS = YES;
				CLANG_WARN_EMPTY_BODY = YES;
				CLANG_WARN_ENUM_CONVERSION = YES;
				CLANG_WARN_INFINITE_RECURSION = YES;
				CLANG_WARN_INT_CONVERSION = YES;
				CLANG_WARN_NON_LITERAL_NULL_CONVERSION = YES;
				CLANG_WARN_OBJC_IMPLICIT_RETAIN_SELF = YES;
				CLANG_WARN_OBJC_LITERAL_CONVERSION = YES;
				CLANG_WARN_OBJC_ROOT_CLASS = YES_ERROR;
				CLANG_WARN_RANGE_LOOP_ANALYSIS = YES;
				CLANG_WARN_STRICT_PROTOTYPES = YES;
				CLANG_WARN_SUSPICIOUS_MOVE = YES;
				CLANG_WARN_UNGUARDED_AVAILABILITY = YES_AGGRESSIVE;
				CLANG_WARN_UNREACHABLE_CODE = YES;
				CLANG_WARN__DUPLICATE_METHOD_MATCH = YES;
				COPY_PHASE_STRIP = NO;
				DEBUG_INFORMATION_FORMAT = "dwarf-with-dsym";
				ENABLE_NS_ASSERTIONS = NO;
				ENABLE_STRICT_OBJC_MSGSEND = YES;
				GCC_C_LANGUAGE_STANDARD = gnu11;
				GCC_NO_COMMON_BLOCKS = YES;
				GCC_WARN_64_TO_32_BIT_CONVERSION = YES;
				GCC_WARN_ABOUT_RETURN_TYPE = YES_ERROR;
				GCC_WARN_UNDECLARED_SELECTOR = YES;
				GCC_WARN_UNINITIALIZED_AUTOS = YES_AGGRESSIVE;
				GCC_WARN_UNUSED_FUNCTION = YES;
				GCC_WARN_UNUSED_VARIABLE = YES;
				IPHONEOS_DEPLOYMENT_TARGET = 13.4;
				MTL_ENABLE_DEBUG_INFO = NO;
				MTL_FAST_MATH = YES;
				SDKROOT = iphoneos;
				SWIFT_COMPILATION_MODE = wholemodule;
				SWIFT_OPTIMIZATION_LEVEL = "-O";
				VALIDATE_PRODUCT = YES;
			};
			name = Release;
		};
		502FF723242A48B300560D29 /* Debug */ = {
			isa = XCBuildConfiguration;
			buildSettings = {
				ASSETCATALOG_COMPILER_APPICON_NAME = AppIcon;
				CODE_SIGN_STYLE = Automatic;
				DEVELOPMENT_TEAM = DQW7D838MA;
				INFOPLIST_FILE = testGame/Info.plist;
				IPHONEOS_DEPLOYMENT_TARGET = 13.4;
				LD_RUNPATH_SEARCH_PATHS = (
					"$(inherited)",
					"@executable_path/Frameworks",
				);
				PRODUCT_BUNDLE_IDENTIFIER = com.maksimgrebennikov.testGame;
				PRODUCT_NAME = "$(TARGET_NAME)";
				SWIFT_VERSION = 5.0;
				TARGETED_DEVICE_FAMILY = "1,2";
			};
			name = Debug;
		};
		502FF724242A48B300560D29 /* Release */ = {
			isa = XCBuildConfiguration;
			buildSettings = {
				ASSETCATALOG_COMPILER_APPICON_NAME = AppIcon;
				CODE_SIGN_STYLE = Automatic;
				DEVELOPMENT_TEAM = DQW7D838MA;
				INFOPLIST_FILE = testGame/Info.plist;
				IPHONEOS_DEPLOYMENT_TARGET = 13.4;
				LD_RUNPATH_SEARCH_PATHS = (
					"$(inherited)",
					"@executable_path/Frameworks",
				);
				PRODUCT_BUNDLE_IDENTIFIER = com.maksimgrebennikov.testGame;
				PRODUCT_NAME = "$(TARGET_NAME)";
				SWIFT_VERSION = 5.0;
				TARGETED_DEVICE_FAMILY = "1,2";
			};
			name = Release;
		};
/* End XCBuildConfiguration section */

/* Begin XCConfigurationList section */
		502FF709242A48B200560D29 /* Build configuration list for PBXProject "testGame" */ = {
			isa = XCConfigurationList;
			buildConfigurations = (
				502FF720242A48B300560D29 /* Debug */,
				502FF721242A48B300560D29 /* Release */,
			);
			defaultConfigurationIsVisible = 0;
			defaultConfigurationName = Release;
		};
		502FF722242A48B300560D29 /* Build configuration list for PBXNativeTarget "testGame" */ = {
			isa = XCConfigurationList;
			buildConfigurations = (
				502FF723242A48B300560D29 /* Debug */,
				502FF724242A48B300560D29 /* Release */,
			);
			defaultConfigurationIsVisible = 0;
			defaultConfigurationName = Release;
		};
/* End XCConfigurationList section */
	};
	rootObject = 502FF706242A48B200560D29 /* Project object */;
}
